
Microsoft Visual Studio Solution File, Format Version 12.00
Project("{FAE04EC0-301F-11D3-BF4B-00C04F79EFBC}") = "StravaRaceAPI", "StravaRaceAPI\StravaRaceAPI.csproj", "{654C361F-9C87-468B-A9D1-23F869CEDB6E}"
EndProject
Project("{FAE04EC0-301F-11D3-BF4B-00C04F79EFBC}") = "StravaRaceAPITests", "StravaRaceAPITests\StravaRaceAPITests.csproj", "{627B76F3-6F89-457F-8480-6E8461D6BE84}"
EndProject
Global
	GlobalSection(SolutionConfigurationPlatforms) = preSolution
		Debug|Any CPU = Debug|Any CPU
		Release|Any CPU = Release|Any CPU
	EndGlobalSection
	GlobalSection(ProjectConfigurationPlatforms) = postSolution
		{654C361F-9C87-468B-A9D1-23F869CEDB6E}.Debug|Any CPU.ActiveCfg = Debug|Any CPU
		{654C361F-9C87-468B-A9D1-23F869CEDB6E}.Debug|Any CPU.Build.0 = Debug|Any CPU
		{654C361F-9C87-468B-A9D1-23F869CEDB6E}.Release|Any CPU.ActiveCfg = Release|Any CPU
		{654C361F-9C87-468B-A9D1-23F869CEDB6E}.Release|Any CPU.Build.0 = Release|Any CPU
		{627B76F3-6F89-457F-8480-6E8461D6BE84}.Debug|Any CPU.ActiveCfg = Debug|Any CPU
		{627B76F3-6F89-457F-8480-6E8461D6BE84}.Debug|Any CPU.Build.0 = Debug|Any CPU
		{627B76F3-6F89-457F-8480-6E8461D6BE84}.Release|Any CPU.ActiveCfg = Release|Any CPU
		{627B76F3-6F89-457F-8480-6E8461D6BE84}.Release|Any CPU.Build.0 = Release|Any CPU
	EndGlobalSection
EndGlobal
